
Microsoft Visual Studio Solution File, Format Version 12.00
# Visual Studio Version 17
VisualStudioVersion = 17.5.002.0
MinimumVisualStudioVersion = 10.0.40219.1
Project("{9A19103F-16F7-4668-BE54-9A1E7A4F7556}") = "MyBlazorApp", "MyBlazorApp.csproj", "{E51C17DD-F811-420D-B6D8-E200809D2EBE}"
EndProject
Global
	GlobalSection(SolutionConfigurationPlatforms) = preSolution
		Debug|Any CPU = Debug|Any CPU
		Release|Any CPU = Release|Any CPU
	EndGlobalSection
	GlobalSection(ProjectConfigurationPlatforms) = postSolution
		{E51C17DD-F811-420D-B6D8-E200809D2EBE}.Debug|Any CPU.ActiveCfg = Debug|Any CPU
		{E51C17DD-F811-420D-B6D8-E200809D2EBE}.Debug|Any CPU.Build.0 = Debug|Any CPU
		{E51C17DD-F811-420D-B6D8-E200809D2EBE}.Release|Any CPU.ActiveCfg = Release|Any CPU
		{E51C17DD-F811-420D-B6D8-E200809D2EBE}.Release|Any CPU.Build.0 = Release|Any CPU
	EndGlobalSection
	GlobalSection(SolutionProperties) = preSolution
		HideSolutionNode = FALSE
	EndGlobalSection
	GlobalSection(ExtensibilityGlobals) = postSolution
		SolutionGuid = {DD9A979E-34DF-4D93-8244-3506C4BEE47B}
	EndGlobalSection
EndGlobal
